
Microsoft Visual Studio Solution File, Format Version 12.00
# Visual Studio Version 17
VisualStudioVersion = 17.0.32112.339
MinimumVisualStudioVersion = 10.0.40219.1
Project("{FAE04EC0-301F-11D3-BF4B-00C04F79EFBC}") = "TD2WebServices", "TD2WebServices\TD2WebServices.csproj", "{8A184F86-4052-41D0-9611-6281AC96ADE6}"
EndProject
Global
	GlobalSection(SolutionConfigurationPlatforms) = preSolution
		Debug|Any CPU = Debug|Any CPU
		Release|Any CPU = Release|Any CPU
	EndGlobalSection
	GlobalSection(ProjectConfigurationPlatforms) = postSolution
		{8A184F86-4052-41D0-9611-6281AC96ADE6}.Debug|Any CPU.ActiveCfg = Debug|Any CPU
		{8A184F86-4052-41D0-9611-6281AC96ADE6}.Debug|Any CPU.Build.0 = Debug|Any CPU
		{8A184F86-4052-41D0-9611-6281AC96ADE6}.Release|Any CPU.ActiveCfg = Release|Any CPU
		{8A184F86-4052-41D0-9611-6281AC96ADE6}.Release|Any CPU.Build.0 = Release|Any CPU
	EndGlobalSection
	GlobalSection(SolutionProperties) = preSolution
		HideSolutionNode = FALSE
	EndGlobalSection
	GlobalSection(ExtensibilityGlobals) = postSolution
		SolutionGuid = {9460BF32-A567-4155-9B5D-0630FC873054}
	EndGlobalSection
EndGlobal
